
Microsoft Visual Studio Solution File, Format Version 12.00
# Visual Studio Version 16
VisualStudioVersion = 16.0.30320.27
MinimumVisualStudioVersion = 10.0.40219.1
Project("{FAE04EC0-301F-11D3-BF4B-00C04F79EFBC}") = "Account.Server", "Account\Server\Account.Server.csproj", "{3725A177-224E-4891-BE8A-B22DCB8BD1D0}"
EndProject
Project("{FAE04EC0-301F-11D3-BF4B-00C04F79EFBC}") = "Account.Client", "Account\Client\Account.Client.csproj", "{4357FC93-5342-4077-9343-22A9FA78C6BA}"
EndProject
Project("{FAE04EC0-301F-11D3-BF4B-00C04F79EFBC}") = "Account.Shared", "Account\Shared\Account.Shared.csproj", "{9060B13C-3BCA-4BF6-BF05-5B9F76E31E26}"
EndProject
Global
	GlobalSection(SolutionConfigurationPlatforms) = preSolution
		Debug|Any CPU = Debug|Any CPU
		Release|Any CPU = Release|Any CPU
	EndGlobalSection
	GlobalSection(ProjectConfigurationPlatforms) = postSolution
		{3725A177-224E-4891-BE8A-B22DCB8BD1D0}.Debug|Any CPU.ActiveCfg = Debug|Any CPU
		{3725A177-224E-4891-BE8A-B22DCB8BD1D0}.Debug|Any CPU.Build.0 = Debug|Any CPU
		{3725A177-224E-4891-BE8A-B22DCB8BD1D0}.Release|Any CPU.ActiveCfg = Release|Any CPU
		{3725A177-224E-4891-BE8A-B22DCB8BD1D0}.Release|Any CPU.Build.0 = Release|Any CPU
		{4357FC93-5342-4077-9343-22A9FA78C6BA}.Debug|Any CPU.ActiveCfg = Debug|Any CPU
		{4357FC93-5342-4077-9343-22A9FA78C6BA}.Debug|Any CPU.Build.0 = Debug|Any CPU
		{4357FC93-5342-4077-9343-22A9FA78C6BA}.Release|Any CPU.ActiveCfg = Release|Any CPU
		{4357FC93-5342-4077-9343-22A9FA78C6BA}.Release|Any CPU.Build.0 = Release|Any CPU
		{9060B13C-3BCA-4BF6-BF05-5B9F76E31E26}.Debug|Any CPU.ActiveCfg = Debug|Any CPU
		{9060B13C-3BCA-4BF6-BF05-5B9F76E31E26}.Debug|Any CPU.Build.0 = Debug|Any CPU
		{9060B13C-3BCA-4BF6-BF05-5B9F76E31E26}.Release|Any CPU.ActiveCfg = Release|Any CPU
		{9060B13C-3BCA-4BF6-BF05-5B9F76E31E26}.Release|Any CPU.Build.0 = Release|Any CPU
	EndGlobalSection
	GlobalSection(SolutionProperties) = preSolution
		HideSolutionNode = FALSE
	EndGlobalSection
	GlobalSection(ExtensibilityGlobals) = postSolution
		SolutionGuid = {ED7163D9-E206-4878-8C4A-C902D99F9BB2}
	EndGlobalSection
EndGlobal
